
Microsoft Visual Studio Solution File, Format Version 11.00
# Visual Studio 2010
Project("{FAE04EC0-301F-11D3-BF4B-00C04F79EFBC}") = "datagridview", "datagridview\datagridview.csproj", "{E41D9F38-8C22-4019-876E-B10F679D7D43}"
EndProject
Global
	GlobalSection(SolutionConfigurationPlatforms) = preSolution
		Debug|x86 = Debug|x86
		Release|x86 = Release|x86
	EndGlobalSection
	GlobalSection(ProjectConfigurationPlatforms) = postSolution
		{E41D9F38-8C22-4019-876E-B10F679D7D43}.Debug|x86.ActiveCfg = Debug|x86
		{E41D9F38-8C22-4019-876E-B10F679D7D43}.Debug|x86.Build.0 = Debug|x86
		{E41D9F38-8C22-4019-876E-B10F679D7D43}.Release|x86.ActiveCfg = Release|x86
		{E41D9F38-8C22-4019-876E-B10F679D7D43}.Release|x86.Build.0 = Release|x86
	EndGlobalSection
	GlobalSection(SolutionProperties) = preSolution
		HideSolutionNode = FALSE
	EndGlobalSection
EndGlobal
